<?xml version="1.0" encoding="utf-8"?>
<Project ToolsVersion="4.0" xmlns="http://schemas.microsoft.com/developer/msbuild/2003">
  <ItemGroup>
    <ClCompile Include="src\ofApp.cpp">
      <Filter>src</Filter>
    </ClCompile>
    <ClCompile Include="src\main.cpp">
      <Filter>src</Filter>
    </ClCompile>
    <ClCompile Include="src\main.cpp">
      <Filter>src</Filter>
    </ClCompile>
    <ClCompile Include="src\ofApp.cpp">
      <Filter>src</Filter>
    </ClCompile>
    <ClCompile Include="..\..\..\addons\ofxOpenVR\src\CGLRenderModel.cpp">
      <Filter>addons\ofxOpenVR\src</Filter>
    </ClCompile>
    <ClCompile Include="..\..\..\addons\ofxOpenVR\src\ofxOpenVR.cpp">
      <Filter>addons\ofxOpenVR\src</Filter>
    </ClCompile>
    <ClCompile Include="..\..\..\addons\ofxOpenVR\libs\OpenVR\src\jsoncpp.cpp">
      <Filter>addons\ofxOpenVR\libs\OpenVR\src</Filter>
    </ClCompile>
    <ClCompile Include="..\src\ofxOpenVRPanoramic.cpp">
      <Filter>addons\ofxOpenVR\src</Filter>
    </ClCompile>
  </ItemGroup>
  <ItemGroup>
    <Filter Include="src">
      <UniqueIdentifier>{d8376475-7454-4a24-b08a-aac121d3ad6f}</UniqueIdentifier>
    </Filter>
    <Filter Include="addons">
      <UniqueIdentifier>{71834F65-F3A9-211E-73B8-DC85}</UniqueIdentifier>
    </Filter>
    <Filter Include="addons\ofxOpenVR">
      <UniqueIdentifier>{25970F59-3B24-8040-6C34-148E}</UniqueIdentifier>
    </Filter>
    <Filter Include="addons\ofxOpenVR\src">
      <UniqueIdentifier>{6FB18BEC-43E9-843A-26C7-992D}</UniqueIdentifier>
    </Filter>
    <Filter Include="addons\ofxOpenVR\libs">
      <UniqueIdentifier>{D3C43731-E944-3D09-901B-C4E3}</UniqueIdentifier>
    </Filter>
    <Filter Include="addons\ofxOpenVR\libs\OpenVR">
      <UniqueIdentifier>{5F047289-8696-3B4A-7B9A-EE17}</UniqueIdentifier>
    </Filter>
    <Filter Include="addons\ofxOpenVR\libs\OpenVR\headers">
      <UniqueIdentifier>{A589BCA1-C9C9-D575-C996-0AAC}</UniqueIdentifier>
    </Filter>
    <Filter Include="addons\ofxOpenVR\libs\OpenVR\src">
      <UniqueIdentifier>{876A0685-3968-3337-EC07-ACC1}</UniqueIdentifier>
    </Filter>
    <Filter Include="addons\ofxOpenVR\libs\OpenVR\src\json">
      <UniqueIdentifier>{6DE616E1-0A8D-5279-A42E-5AF1}</UniqueIdentifier>
    </Filter>
    <Filter Include="addons\ofxOpenVR\libs\OpenVR\src\vrcommon">
      <UniqueIdentifier>{8B254232-F6E4-A6AB-24E4-8274}</UniqueIdentifier>
    </Filter>
  </ItemGroup>
  <ItemGroup>
    <ClInclude Include="src\ofApp.h">
      <Filter>src</Filter>
    </ClInclude>
    <ClInclude Include="src\ofApp.h">
      <Filter>src</Filter>
    </ClInclude>
    <ClInclude Include="..\..\..\addons\ofxOpenVR\src\CGLRenderModel.h">
      <Filter>addons\ofxOpenVR\src</Filter>
    </ClInclude>
    <ClInclude Include="..\..\..\addons\ofxOpenVR\src\ofxOpenVR.h">
      <Filter>addons\ofxOpenVR\src</Filter>
    </ClInclude>
    <ClInclude Include="..\..\..\addons\ofxOpenVR\libs\OpenVR\headers\openvr.h">
      <Filter>addons\ofxOpenVR\libs\OpenVR\headers</Filter>
    </ClInclude>
    <ClInclude Include="..\..\..\addons\ofxOpenVR\libs\OpenVR\headers\openvr_capi.h">
      <Filter>addons\ofxOpenVR\libs\OpenVR\headers</Filter>
    </ClInclude>
    <ClInclude Include="..\..\..\addons\ofxOpenVR\libs\OpenVR\headers\openvr_driver.h">
      <Filter>addons\ofxOpenVR\libs\OpenVR\headers</Filter>
    </ClInclude>
    <ClInclude Include="..\..\..\addons\ofxOpenVR\libs\OpenVR\src\json\json-forwards.h">
      <Filter>addons\ofxOpenVR\libs\OpenVR\src\json</Filter>
    </ClInclude>
    <ClInclude Include="..\..\..\addons\ofxOpenVR\libs\OpenVR\src\json\json.h">
      <Filter>addons\ofxOpenVR\libs\OpenVR\src\json</Filter>
    </ClInclude>
    <ClInclude Include="..\src\ofxOpenVRPanoramic.h">
      <Filter>addons\ofxOpenVR\src</Filter>
    </ClInclude>
  </ItemGroup>
  <ItemGroup>
    <ResourceCompile Include="icon.rc" />
  </ItemGroup>
</Project>